// !$*UTF8*$!
{
	archiveVersion = 1;
	classes = {
	};
	objectVersion = 77;
	objects = {

/* Begin PBXBuildFile section */
		CEB665A52D975F4500431AA2 /* ListBuiler.appex in Embed Foundation Extensions */ = {isa = PBXBuildFile; fileRef = CEB6659B2D975F4500431AA2 /* ListBuiler.appex */; settings = {ATTRIBUTES = (RemoveHeadersOnCopy, ); }; };
		CEB665C32D98BDE700431AA2 /* GoogleSignIn in Frameworks */ = {isa = PBXBuildFile; productRef = CEB665C22D98BDE700431AA2 /* GoogleSignIn */; };
		CEB665C52D98BDE700431AA2 /* GoogleSignInSwift in Frameworks */ = {isa = PBXBuildFile; productRef = CEB665C42D98BDE700431AA2 /* GoogleSignInSwift */; };
		CEB665CC2D98E54E00431AA2 /* GoogleAPIClientForRESTCore in Frameworks */ = {isa = PBXBuildFile; productRef = CEB665CB2D98E54E00431AA2 /* GoogleAPIClientForRESTCore */; };
		CEB665CE2D98E54E00431AA2 /* GoogleAPIClientForREST_ACMEDNS in Frameworks */ = {isa = PBXBuildFile; productRef = CEB665CD2D98E54E00431AA2 /* GoogleAPIClientForREST_ACMEDNS */; };
		CEB665D02D98E54E00431AA2 /* GoogleAPIClientForREST_AIPlatformNotebooks in Frameworks */ = {isa = PBXBuildFile; productRef = CEB665CF2D98E54E00431AA2 /* GoogleAPIClientForREST_AIPlatformNotebooks */; };
		CEB665D22D98E54E00431AA2 /* GoogleAPIClientForREST_APIGateway in Frameworks */ = {isa = PBXBuildFile; productRef = CEB665D12D98E54E00431AA2 /* GoogleAPIClientForREST_APIGateway */; };
		CEB665D42D98E54E00431AA2 /* GoogleAPIClientForREST_APIManagement in Frameworks */ = {isa = PBXBuildFile; productRef = CEB665D32D98E54E00431AA2 /* GoogleAPIClientForREST_APIManagement */; };
		CEB665DE2D9A3ECE00431AA2 /* GoogleSignIn in Frameworks */ = {isa = PBXBuildFile; productRef = CEB665DD2D9A3ECE00431AA2 /* GoogleSignIn */; };
/* End PBXBuildFile section */

/* Begin PBXContainerItemProxy section */
		CEB6657B2D975D3400431AA2 /* PBXContainerItemProxy */ = {
			isa = PBXContainerItemProxy;
			containerPortal = CEB665622D975D3300431AA2 /* Project object */;
			proxyType = 1;
			remoteGlobalIDString = CEB665692D975D3300431AA2;
			remoteInfo = ListBuilder;
		};
		CEB665852D975D3400431AA2 /* PBXContainerItemProxy */ = {
			isa = PBXContainerItemProxy;
			containerPortal = CEB665622D975D3300431AA2 /* Project object */;
			proxyType = 1;
			remoteGlobalIDString = CEB665692D975D3300431AA2;
			remoteInfo = ListBuilder;
		};
		CEB665A32D975F4500431AA2 /* PBXContainerItemProxy */ = {
			isa = PBXContainerItemProxy;
			containerPortal = CEB665622D975D3300431AA2 /* Project object */;
			proxyType = 1;
			remoteGlobalIDString = CEB6659A2D975F4500431AA2;
			remoteInfo = ListBuiler;
		};
/* End PBXContainerItemProxy section */

/* Begin PBXCopyFilesBuildPhase section */
		CEB665AA2D975F4500431AA2 /* Embed Foundation Extensions */ = {
			isa = PBXCopyFilesBuildPhase;
			buildActionMask = 2147483647;
			dstPath = "";
			dstSubfolderSpec = 13;
			files = (
				CEB665A52D975F4500431AA2 /* ListBuiler.appex in Embed Foundation Extensions */,
			);
			name = "Embed Foundation Extensions";
			runOnlyForDeploymentPostprocessing = 0;
		};
/* End PBXCopyFilesBuildPhase section */

/* Begin PBXFileReference section */
		CEB6656A2D975D3300431AA2 /* ListBuilder.app */ = {isa = PBXFileReference; explicitFileType = wrapper.application; includeInIndex = 0; path = ListBuilder.app; sourceTree = BUILT_PRODUCTS_DIR; };
		CEB6657A2D975D3400431AA2 /* ListBuilderTests.xctest */ = {isa = PBXFileReference; explicitFileType = wrapper.cfbundle; includeInIndex = 0; path = ListBuilderTests.xctest; sourceTree = BUILT_PRODUCTS_DIR; };
		CEB665842D975D3400431AA2 /* ListBuilderUITests.xctest */ = {isa = PBXFileReference; explicitFileType = wrapper.cfbundle; includeInIndex = 0; path = ListBuilderUITests.xctest; sourceTree = BUILT_PRODUCTS_DIR; };
		CEB6659B2D975F4500431AA2 /* ListBuiler.appex */ = {isa = PBXFileReference; explicitFileType = "wrapper.app-extension"; includeInIndex = 0; path = ListBuiler.appex; sourceTree = BUILT_PRODUCTS_DIR; };
/* End PBXFileReference section */

/* Begin PBXFileSystemSynchronizedBuildFileExceptionSet section */
		CEB665A62D975F4500431AA2 /* Exceptions for "ListBuiler" folder in "ListBuiler" target */ = {
			isa = PBXFileSystemSynchronizedBuildFileExceptionSet;
			membershipExceptions = (
				Info.plist,
			);
			target = CEB6659A2D975F4500431AA2 /* ListBuiler */;
		};
		CEB665C72D98CFC600431AA2 /* Exceptions for "ListBuilder" folder in "ListBuilder" target */ = {
			isa = PBXFileSystemSynchronizedBuildFileExceptionSet;
			membershipExceptions = (
				Info.plist,
			);
			target = CEB665692D975D3300431AA2 /* ListBuilder */;
		};
/* End PBXFileSystemSynchronizedBuildFileExceptionSet section */

/* Begin PBXFileSystemSynchronizedRootGroup section */
		CEB6656C2D975D3300431AA2 /* ListBuilder */ = {
			isa = PBXFileSystemSynchronizedRootGroup;
			exceptions = (
				CEB665C72D98CFC600431AA2 /* Exceptions for "ListBuilder" folder in "ListBuilder" target */,
			);
			path = ListBuilder;
			sourceTree = "<group>";
		};
		CEB6657D2D975D3400431AA2 /* ListBuilderTests */ = {
			isa = PBXFileSystemSynchronizedRootGroup;
			path = ListBuilderTests;
			sourceTree = "<group>";
		};
		CEB665872D975D3400431AA2 /* ListBuilderUITests */ = {
			isa = PBXFileSystemSynchronizedRootGroup;
			path = ListBuilderUITests;
			sourceTree = "<group>";
		};
		CEB6659C2D975F4500431AA2 /* ListBuiler */ = {
			isa = PBXFileSystemSynchronizedRootGroup;
			exceptions = (
				CEB665A62D975F4500431AA2 /* Exceptions for "ListBuiler" folder in "ListBuiler" target */,
			);
			path = ListBuiler;
			sourceTree = "<group>";
		};
/* End PBXFileSystemSynchronizedRootGroup section */

/* Begin PBXFrameworksBuildPhase section */
		CEB665672D975D3300431AA2 /* Frameworks */ = {
			isa = PBXFrameworksBuildPhase;
			buildActionMask = 2147483647;
			files = (
				CEB665C32D98BDE700431AA2 /* GoogleSignIn in Frameworks */,
				CEB665D42D98E54E00431AA2 /* GoogleAPIClientForREST_APIManagement in Frameworks */,
				CEB665D22D98E54E00431AA2 /* GoogleAPIClientForREST_APIGateway in Frameworks */,
				CEB665CC2D98E54E00431AA2 /* GoogleAPIClientForRESTCore in Frameworks */,
				CEB665D02D98E54E00431AA2 /* GoogleAPIClientForREST_AIPlatformNotebooks in Frameworks */,
				CEB665C52D98BDE700431AA2 /* GoogleSignInSwift in Frameworks */,
				CEB665CE2D98E54E00431AA2 /* GoogleAPIClientForREST_ACMEDNS in Frameworks */,
			);
			runOnlyForDeploymentPostprocessing = 0;
		};
		CEB665772D975D3400431AA2 /* Frameworks */ = {
			isa = PBXFrameworksBuildPhase;
			buildActionMask = 2147483647;
			files = (
			);
			runOnlyForDeploymentPostprocessing = 0;
		};
		CEB665812D975D3400431AA2 /* Frameworks */ = {
			isa = PBXFrameworksBuildPhase;
			buildActionMask = 2147483647;
			files = (
			);
			runOnlyForDeploymentPostprocessing = 0;
		};
		CEB665982D975F4500431AA2 /* Frameworks */ = {
			isa = PBXFrameworksBuildPhase;
			buildActionMask = 2147483647;
			files = (
				CEB665DE2D9A3ECE00431AA2 /* GoogleSignIn in Frameworks */,
			);
			runOnlyForDeploymentPostprocessing = 0;
		};
/* End PBXFrameworksBuildPhase section */

/* Begin PBXGroup section */
		CEB665612D975D3300431AA2 = {
			isa = PBXGroup;
			children = (
				CEB6656C2D975D3300431AA2 /* ListBuilder */,
				CEB6657D2D975D3400431AA2 /* ListBuilderTests */,
				CEB665872D975D3400431AA2 /* ListBuilderUITests */,
				CEB6659C2D975F4500431AA2 /* ListBuiler */,
				CEB665AC2D97A6C200431AA2 /* Frameworks */,
				CEB6656B2D975D3300431AA2 /* Products */,
			);
			sourceTree = "<group>";
		};
		CEB6656B2D975D3300431AA2 /* Products */ = {
			isa = PBXGroup;
			children = (
				CEB6656A2D975D3300431AA2 /* ListBuilder.app */,
				CEB6657A2D975D3400431AA2 /* ListBuilderTests.xctest */,
				CEB665842D975D3400431AA2 /* ListBuilderUITests.xctest */,
				CEB6659B2D975F4500431AA2 /* ListBuiler.appex */,
			);
			name = Products;
			sourceTree = "<group>";
		};
		CEB665AC2D97A6C200431AA2 /* Frameworks */ = {
			isa = PBXGroup;
			children = (
			);
			name = Frameworks;
			sourceTree = "<group>";
		};
/* End PBXGroup section */

/* Begin PBXNativeTarget section */
		CEB665692D975D3300431AA2 /* ListBuilder */ = {
			isa = PBXNativeTarget;
			buildConfigurationList = CEB6658E2D975D3400431AA2 /* Build configuration list for PBXNativeTarget "ListBuilder" */;
			buildPhases = (
				CEB665662D975D3300431AA2 /* Sources */,
				CEB665672D975D3300431AA2 /* Frameworks */,
				CEB665682D975D3300431AA2 /* Resources */,
				CEB665AA2D975F4500431AA2 /* Embed Foundation Extensions */,
			);
			buildRules = (
			);
			dependencies = (
				CEB665A42D975F4500431AA2 /* PBXTargetDependency */,
			);
			fileSystemSynchronizedGroups = (
				CEB6656C2D975D3300431AA2 /* ListBuilder */,
			);
			name = ListBuilder;
			packageProductDependencies = (
				CEB665C22D98BDE700431AA2 /* GoogleSignIn */,
				CEB665C42D98BDE700431AA2 /* GoogleSignInSwift */,
				CEB665CB2D98E54E00431AA2 /* GoogleAPIClientForRESTCore */,
				CEB665CD2D98E54E00431AA2 /* GoogleAPIClientForREST_ACMEDNS */,
				CEB665CF2D98E54E00431AA2 /* GoogleAPIClientForREST_AIPlatformNotebooks */,
				CEB665D12D98E54E00431AA2 /* GoogleAPIClientForREST_APIGateway */,
				CEB665D32D98E54E00431AA2 /* GoogleAPIClientForREST_APIManagement */,
			);
			productName = ListBuilder;
			productReference = CEB6656A2D975D3300431AA2 /* ListBuilder.app */;
			productType = "com.apple.product-type.application";
		};
		CEB665792D975D3400431AA2 /* ListBuilderTests */ = {
			isa = PBXNativeTarget;
			buildConfigurationList = CEB665912D975D3400431AA2 /* Build configuration list for PBXNativeTarget "ListBuilderTests" */;
			buildPhases = (
				CEB665762D975D3400431AA2 /* Sources */,
				CEB665772D975D3400431AA2 /* Frameworks */,
				CEB665782D975D3400431AA2 /* Resources */,
			);
			buildRules = (
			);
			dependencies = (
				CEB6657C2D975D3400431AA2 /* PBXTargetDependency */,
			);
			fileSystemSynchronizedGroups = (
				CEB6657D2D975D3400431AA2 /* ListBuilderTests */,
			);
			name = ListBuilderTests;
			packageProductDependencies = (
			);
			productName = ListBuilderTests;
			productReference = CEB6657A2D975D3400431AA2 /* ListBuilderTests.xctest */;
			productType = "com.apple.product-type.bundle.unit-test";
		};
		CEB665832D975D3400431AA2 /* ListBuilderUITests */ = {
			isa = PBXNativeTarget;
			buildConfigurationList = CEB665942D975D3400431AA2 /* Build configuration list for PBXNativeTarget "ListBuilderUITests" */;
			buildPhases = (
				CEB665802D975D3400431AA2 /* Sources */,
				CEB665812D975D3400431AA2 /* Frameworks */,
				CEB665822D975D3400431AA2 /* Resources */,
			);
			buildRules = (
			);
			dependencies = (
				CEB665862D975D3400431AA2 /* PBXTargetDependency */,
			);
			fileSystemSynchronizedGroups = (
				CEB665872D975D3400431AA2 /* ListBuilderUITests */,
			);
			name = ListBuilderUITests;
			packageProductDependencies = (
			);
			productName = ListBuilderUITests;
			productReference = CEB665842D975D3400431AA2 /* ListBuilderUITests.xctest */;
			productType = "com.apple.product-type.bundle.ui-testing";
		};
		CEB6659A2D975F4500431AA2 /* ListBuiler */ = {
			isa = PBXNativeTarget;
			buildConfigurationList = CEB665A72D975F4500431AA2 /* Build configuration list for PBXNativeTarget "ListBuiler" */;
			buildPhases = (
				CEB665972D975F4500431AA2 /* Sources */,
				CEB665982D975F4500431AA2 /* Frameworks */,
				CEB665992D975F4500431AA2 /* Resources */,
			);
			buildRules = (
			);
			dependencies = (
			);
			fileSystemSynchronizedGroups = (
				CEB6659C2D975F4500431AA2 /* ListBuiler */,
			);
			name = ListBuiler;
			packageProductDependencies = (
				CEB665DD2D9A3ECE00431AA2 /* GoogleSignIn */,
			);
			productName = ListBuiler;
			productReference = CEB6659B2D975F4500431AA2 /* ListBuiler.appex */;
			productType = "com.apple.product-type.app-extension";
		};
/* End PBXNativeTarget section */

/* Begin PBXProject section */
		CEB665622D975D3300431AA2 /* Project object */ = {
			isa = PBXProject;
			attributes = {
				BuildIndependentTargetsInParallel = 1;
				LastSwiftUpdateCheck = 1620;
				LastUpgradeCheck = 1620;
				TargetAttributes = {
					CEB665692D975D3300431AA2 = {
						CreatedOnToolsVersion = 16.2;
					};
					CEB665792D975D3400431AA2 = {
						CreatedOnToolsVersion = 16.2;
						TestTargetID = CEB665692D975D3300431AA2;
					};
					CEB665832D975D3400431AA2 = {
						CreatedOnToolsVersion = 16.2;
						TestTargetID = CEB665692D975D3300431AA2;
					};
					CEB6659A2D975F4500431AA2 = {
						CreatedOnToolsVersion = 16.2;
					};
				};
			};
			buildConfigurationList = CEB665652D975D3300431AA2 /* Build configuration list for PBXProject "ListBuilder" */;
			developmentRegion = en;
			hasScannedForEncodings = 0;
			knownRegions = (
				en,
				Base,
			);
			mainGroup = CEB665612D975D3300431AA2;
			minimizedProjectReferenceProxies = 1;
			packageReferences = (
				CEB665C12D98BDE700431AA2 /* XCRemoteSwiftPackageReference "GoogleSignIn-iOS" */,
				CEB665CA2D98E54E00431AA2 /* XCRemoteSwiftPackageReference "google-api-objectivec-client-for-rest" */,
			);
			preferredProjectObjectVersion = 77;
			productRefGroup = CEB6656B2D975D3300431AA2 /* Products */;
			projectDirPath = "";
			projectRoot = "";
			targets = (
				CEB665692D975D3300431AA2 /* ListBuilder */,
				CEB665792D975D3400431AA2 /* ListBuilderTests */,
				CEB665832D975D3400431AA2 /* ListBuilderUITests */,
				CEB6659A2D975F4500431AA2 /* ListBuiler */,
			);
		};
/* End PBXProject section */

/* Begin PBXResourcesBuildPhase section */
		CEB665682D975D3300431AA2 /* Resources */ = {
			isa = PBXResourcesBuildPhase;
			buildActionMask = 2147483647;
			files = (
			);
			runOnlyForDeploymentPostprocessing = 0;
		};
		CEB665782D975D3400431AA2 /* Resources */ = {
			isa = PBXResourcesBuildPhase;
			buildActionMask = 2147483647;
			files = (
			);
			runOnlyForDeploymentPostprocessing = 0;
		};
		CEB665822D975D3400431AA2 /* Resources */ = {
			isa = PBXResourcesBuildPhase;
			buildActionMask = 2147483647;
			files = (
			);
			runOnlyForDeploymentPostprocessing = 0;
		};
		CEB665992D975F4500431AA2 /* Resources */ = {
			isa = PBXResourcesBuildPhase;
			buildActionMask = 2147483647;
			files = (
			);
			runOnlyForDeploymentPostprocessing = 0;
		};
/* End PBXResourcesBuildPhase section */

/* Begin PBXSourcesBuildPhase section */
		CEB665662D975D3300431AA2 /* Sources */ = {
			isa = PBXSourcesBuildPhase;
			buildActionMask = 2147483647;
			files = (
			);
			runOnlyForDeploymentPostprocessing = 0;
		};
		CEB665762D975D3400431AA2 /* Sources */ = {
			isa = PBXSourcesBuildPhase;
			buildActionMask = 2147483647;
			files = (
			);
			runOnlyForDeploymentPostprocessing = 0;
		};
		CEB665802D975D3400431AA2 /* Sources */ = {
			isa = PBXSourcesBuildPhase;
			buildActionMask = 2147483647;
			files = (
			);
			runOnlyForDeploymentPostprocessing = 0;
		};
		CEB665972D975F4500431AA2 /* Sources */ = {
			isa = PBXSourcesBuildPhase;
			buildActionMask = 2147483647;
			files = (
			);
			runOnlyForDeploymentPostprocessing = 0;
		};
/* End PBXSourcesBuildPhase section */

/* Begin PBXTargetDependency section */
		CEB6657C2D975D3400431AA2 /* PBXTargetDependency */ = {
			isa = PBXTargetDependency;
			target = CEB665692D975D3300431AA2 /* ListBuilder */;
			targetProxy = CEB6657B2D975D3400431AA2 /* PBXContainerItemProxy */;
		};
		CEB665862D975D3400431AA2 /* PBXTargetDependency */ = {
			isa = PBXTargetDependency;
			target = CEB665692D975D3300431AA2 /* ListBuilder */;
			targetProxy = CEB665852D975D3400431AA2 /* PBXContainerItemProxy */;
		};
		CEB665A42D975F4500431AA2 /* PBXTargetDependency */ = {
			isa = PBXTargetDependency;
			target = CEB6659A2D975F4500431AA2 /* ListBuiler */;
			targetProxy = CEB665A32D975F4500431AA2 /* PBXContainerItemProxy */;
		};
/* End PBXTargetDependency section */

/* Begin XCBuildConfiguration section */
		CEB6658C2D975D3400431AA2 /* Debug */ = {
			isa = XCBuildConfiguration;
			buildSettings = {
				ALWAYS_SEARCH_USER_PATHS = NO;
				ASSETCATALOG_COMPILER_GENERATE_SWIFT_ASSET_SYMBOL_EXTENSIONS = YES;
				CLANG_ANALYZER_NONNULL = YES;
				CLANG_ANALYZER_NUMBER_OBJECT_CONVERSION = YES_AGGRESSIVE;
				CLANG_CXX_LANGUAGE_STANDARD = "gnu++20";
				CLANG_ENABLE_MODULES = YES;
				CLANG_ENABLE_OBJC_ARC = YES;
				CLANG_ENABLE_OBJC_WEAK = YES;
				CLANG_WARN_BLOCK_CAPTURE_AUTORELEASING = YES;
				CLANG_WARN_BOOL_CONVERSION = YES;
				CLANG_WARN_COMMA = YES;
				CLANG_WARN_CONSTANT_CONVERSION = YES;
				CLANG_WARN_DEPRECATED_OBJC_IMPLEMENTATIONS = YES;
				CLANG_WARN_DIRECT_OBJC_ISA_USAGE = YES_ERROR;
				CLANG_WARN_DOCUMENTATION_COMMENTS = YES;
				CLANG_WARN_EMPTY_BODY = YES;
				CLANG_WARN_ENUM_CONVERSION = YES;
				CLANG_WARN_INFINITE_RECURSION = YES;
				CLANG_WARN_INT_CONVERSION = YES;
				CLANG_WARN_NON_LITERAL_NULL_CONVERSION = YES;
				CLANG_WARN_OBJC_IMPLICIT_RETAIN_SELF = YES;
				CLANG_WARN_OBJC_LITERAL_CONVERSION = YES;
				CLANG_WARN_OBJC_ROOT_CLASS = YES_ERROR;
				CLANG_WARN_QUOTED_INCLUDE_IN_FRAMEWORK_HEADER = YES;
				CLANG_WARN_RANGE_LOOP_ANALYSIS = YES;
				CLANG_WARN_STRICT_PROTOTYPES = YES;
				CLANG_WARN_SUSPICIOUS_MOVE = YES;
				CLANG_WARN_UNGUARDED_AVAILABILITY = YES_AGGRESSIVE;
				CLANG_WARN_UNREACHABLE_CODE = YES;
				CLANG_WARN__DUPLICATE_METHOD_MATCH = YES;
				COPY_PHASE_STRIP = NO;
				DEBUG_INFORMATION_FORMAT = dwarf;
				ENABLE_STRICT_OBJC_MSGSEND = YES;
				ENABLE_TESTABILITY = YES;
				ENABLE_USER_SCRIPT_SANDBOXING = YES;
				GCC_C_LANGUAGE_STANDARD = gnu17;
				GCC_DYNAMIC_NO_PIC = NO;
				GCC_NO_COMMON_BLOCKS = YES;
				GCC_OPTIMIZATION_LEVEL = 0;
				GCC_PREPROCESSOR_DEFINITIONS = (
					"DEBUG=1",
					"$(inherited)",
				);
				GCC_WARN_64_TO_32_BIT_CONVERSION = YES;
				GCC_WARN_ABOUT_RETURN_TYPE = YES_ERROR;
				GCC_WARN_UNDECLARED_SELECTOR = YES;
				GCC_WARN_UNINITIALIZED_AUTOS = YES_AGGRESSIVE;
				GCC_WARN_UNUSED_FUNCTION = YES;
				GCC_WARN_UNUSED_VARIABLE = YES;
				IPHONEOS_DEPLOYMENT_TARGET = 18.2;
				LOCALIZATION_PREFERS_STRING_CATALOGS = YES;
				MTL_ENABLE_DEBUG_INFO = INCLUDE_SOURCE;
				MTL_FAST_MATH = YES;
				ONLY_ACTIVE_ARCH = YES;
				SDKROOT = iphoneos;
				SWIFT_ACTIVE_COMPILATION_CONDITIONS = "DEBUG $(inherited)";
				SWIFT_OPTIMIZATION_LEVEL = "-Onone";
			};
			name = Debug;
		};
		CEB6658D2D975D3400431AA2 /* Release */ = {
			isa = XCBuildConfiguration;
			buildSettings = {
				ALWAYS_SEARCH_USER_PATHS = NO;
				ASSETCATALOG_COMPILER_GENERATE_SWIFT_ASSET_SYMBOL_EXTENSIONS = YES;
				CLANG_ANALYZER_NONNULL = YES;
				CLANG_ANALYZER_NUMBER_OBJECT_CONVERSION = YES_AGGRESSIVE;
				CLANG_CXX_LANGUAGE_STANDARD = "gnu++20";
				CLANG_ENABLE_MODULES = YES;
				CLANG_ENABLE_OBJC_ARC = YES;
				CLANG_ENABLE_OBJC_WEAK = YES;
				CLANG_WARN_BLOCK_CAPTURE_AUTORELEASING = YES;
				CLANG_WARN_BOOL_CONVERSION = YES;
				CLANG_WARN_COMMA = YES;
				CLANG_WARN_CONSTANT_CONVERSION = YES;
				CLANG_WARN_DEPRECATED_OBJC_IMPLEMENTATIONS = YES;
				CLANG_WARN_DIRECT_OBJC_ISA_USAGE = YES_ERROR;
				CLANG_WARN_DOCUMENTATION_COMMENTS = YES;
				CLANG_WARN_EMPTY_BODY = YES;
				CLANG_WARN_ENUM_CONVERSION = YES;
				CLANG_WARN_INFINITE_RECURSION = YES;
				CLANG_WARN_INT_CONVERSION = YES;
				CLANG_WARN_NON_LITERAL_NULL_CONVERSION = YES;
				CLANG_WARN_OBJC_IMPLICIT_RETAIN_SELF = YES;
				CLANG_WARN_OBJC_LITERAL_CONVERSION = YES;
				CLANG_WARN_OBJC_ROOT_CLASS = YES_ERROR;
				CLANG_WARN_QUOTED_INCLUDE_IN_FRAMEWORK_HEADER = YES;
				CLANG_WARN_RANGE_LOOP_ANALYSIS = YES;
				CLANG_WARN_STRICT_PROTOTYPES = YES;
				CLANG_WARN_SUSPICIOUS_MOVE = YES;
				CLANG_WARN_UNGUARDED_AVAILABILITY = YES_AGGRESSIVE;
				CLANG_WARN_UNREACHABLE_CODE = YES;
				CLANG_WARN__DUPLICATE_METHOD_MATCH = YES;
				COPY_PHASE_STRIP = NO;
				DEBUG_INFORMATION_FORMAT = "dwarf-with-dsym";
				ENABLE_NS_ASSERTIONS = NO;
				ENABLE_STRICT_OBJC_MSGSEND = YES;
				ENABLE_USER_SCRIPT_SANDBOXING = YES;
				GCC_C_LANGUAGE_STANDARD = gnu17;
				GCC_NO_COMMON_BLOCKS = YES;
				GCC_WARN_64_TO_32_BIT_CONVERSION = YES;
				GCC_WARN_ABOUT_RETURN_TYPE = YES_ERROR;
				GCC_WARN_UNDECLARED_SELECTOR = YES;
				GCC_WARN_UNINITIALIZED_AUTOS = YES_AGGRESSIVE;
				GCC_WARN_UNUSED_FUNCTION = YES;
				GCC_WARN_UNUSED_VARIABLE = YES;
				IPHONEOS_DEPLOYMENT_TARGET = 18.2;
				LOCALIZATION_PREFERS_STRING_CATALOGS = YES;
				MTL_ENABLE_DEBUG_INFO = NO;
				MTL_FAST_MATH = YES;
				SDKROOT = iphoneos;
				SWIFT_COMPILATION_MODE = wholemodule;
				VALIDATE_PRODUCT = YES;
			};
			name = Release;
		};
		CEB6658F2D975D3400431AA2 /* Debug */ = {
			isa = XCBuildConfiguration;
			buildSettings = {
				ASSETCATALOG_COMPILER_APPICON_NAME = AppIcon;
				ASSETCATALOG_COMPILER_GLOBAL_ACCENT_COLOR_NAME = AccentColor;
				CODE_SIGN_ENTITLEMENTS = ListBuilder/ListBuilder.entitlements;
				CODE_SIGN_STYLE = Automatic;
				CURRENT_PROJECT_VERSION = 1;
				DEVELOPMENT_ASSET_PATHS = "\"ListBuilder/Preview Content\"";
				DEVELOPMENT_TEAM = "";
				ENABLE_PREVIEWS = YES;
				GENERATE_INFOPLIST_FILE = YES;
				INFOPLIST_FILE = ListBuilder/Info.plist;
				INFOPLIST_KEY_UIApplicationSceneManifest_Generation = YES;
				INFOPLIST_KEY_UIApplicationSupportsIndirectInputEvents = YES;
				INFOPLIST_KEY_UILaunchScreen_Generation = YES;
				INFOPLIST_KEY_UISupportedInterfaceOrientations_iPad = "UIInterfaceOrientationPortrait UIInterfaceOrientationPortraitUpsideDown UIInterfaceOrientationLandscapeLeft UIInterfaceOrientationLandscapeRight";
				INFOPLIST_KEY_UISupportedInterfaceOrientations_iPhone = "UIInterfaceOrientationPortrait UIInterfaceOrientationLandscapeLeft UIInterfaceOrientationLandscapeRight";
				LD_RUNPATH_SEARCH_PATHS = (
					"$(inherited)",
					"@executable_path/Frameworks",
				);
				MARKETING_VERSION = 1.0;
				PRODUCT_BUNDLE_IDENTIFIER = com.brandonaubrey.ListBuilder;
				PRODUCT_NAME = "$(TARGET_NAME)";
				SWIFT_EMIT_LOC_STRINGS = YES;
				SWIFT_VERSION = 5.0;
				TARGETED_DEVICE_FAMILY = "1,2";
			};
			name = Debug;
		};
		CEB665902D975D3400431AA2 /* Release */ = {
			isa = XCBuildConfiguration;
			buildSettings = {
				ASSETCATALOG_COMPILER_APPICON_NAME = AppIcon;
				ASSETCATALOG_COMPILER_GLOBAL_ACCENT_COLOR_NAME = AccentColor;
				CODE_SIGN_ENTITLEMENTS = ListBuilder/ListBuilder.entitlements;
				CODE_SIGN_STYLE = Automatic;
				CURRENT_PROJECT_VERSION = 1;
				DEVELOPMENT_ASSET_PATHS = "\"ListBuilder/Preview Content\"";
				DEVELOPMENT_TEAM = "";
				ENABLE_PREVIEWS = YES;
				GENERATE_INFOPLIST_FILE = YES;
				INFOPLIST_FILE = ListBuilder/Info.plist;
				INFOPLIST_KEY_UIApplicationSceneManifest_Generation = YES;
				INFOPLIST_KEY_UIApplicationSupportsIndirectInputEvents = YES;
				INFOPLIST_KEY_UILaunchScreen_Generation = YES;
				INFOPLIST_KEY_UISupportedInterfaceOrientations_iPad = "UIInterfaceOrientationPortrait UIInterfaceOrientationPortraitUpsideDown UIInterfaceOrientationLandscapeLeft UIInterfaceOrientationLandscapeRight";
				INFOPLIST_KEY_UISupportedInterfaceOrientations_iPhone = "UIInterfaceOrientationPortrait UIInterfaceOrientationLandscapeLeft UIInterfaceOrientationLandscapeRight";
				LD_RUNPATH_SEARCH_PATHS = (
					"$(inherited)",
					"@executable_path/Frameworks",
				);
				MARKETING_VERSION = 1.0;
				PRODUCT_BUNDLE_IDENTIFIER = com.brandonaubrey.ListBuilder;
				PRODUCT_NAME = "$(TARGET_NAME)";
				SWIFT_EMIT_LOC_STRINGS = YES;
				SWIFT_VERSION = 5.0;
				TARGETED_DEVICE_FAMILY = "1,2";
			};
			name = Release;
		};
		CEB665922D975D3400431AA2 /* Debug */ = {
			isa = XCBuildConfiguration;
			buildSettings = {
				BUNDLE_LOADER = "$(TEST_HOST)";
				CODE_SIGN_STYLE = Automatic;
				CURRENT_PROJECT_VERSION = 1;
				GENERATE_INFOPLIST_FILE = YES;
				IPHONEOS_DEPLOYMENT_TARGET = 18.2;
				MARKETING_VERSION = 1.0;
				PRODUCT_BUNDLE_IDENTIFIER = com.brandonaubrey.ListBuilderTests;
				PRODUCT_NAME = "$(TARGET_NAME)";
				SWIFT_EMIT_LOC_STRINGS = NO;
				SWIFT_VERSION = 5.0;
				TARGETED_DEVICE_FAMILY = "1,2";
				TEST_HOST = "$(BUILT_PRODUCTS_DIR)/ListBuilder.app/$(BUNDLE_EXECUTABLE_FOLDER_PATH)/ListBuilder";
			};
			name = Debug;
		};
		CEB665932D975D3400431AA2 /* Release */ = {
			isa = XCBuildConfiguration;
			buildSettings = {
				BUNDLE_LOADER = "$(TEST_HOST)";
				CODE_SIGN_STYLE = Automatic;
				CURRENT_PROJECT_VERSION = 1;
				GENERATE_INFOPLIST_FILE = YES;
				IPHONEOS_DEPLOYMENT_TARGET = 18.2;
				MARKETING_VERSION = 1.0;
				PRODUCT_BUNDLE_IDENTIFIER = com.brandonaubrey.ListBuilderTests;
				PRODUCT_NAME = "$(TARGET_NAME)";
				SWIFT_EMIT_LOC_STRINGS = NO;
				SWIFT_VERSION = 5.0;
				TARGETED_DEVICE_FAMILY = "1,2";
				TEST_HOST = "$(BUILT_PRODUCTS_DIR)/ListBuilder.app/$(BUNDLE_EXECUTABLE_FOLDER_PATH)/ListBuilder";
			};
			name = Release;
		};
		CEB665952D975D3400431AA2 /* Debug */ = {
			isa = XCBuildConfiguration;
			buildSettings = {
				CODE_SIGN_STYLE = Automatic;
				CURRENT_PROJECT_VERSION = 1;
				GENERATE_INFOPLIST_FILE = YES;
				MARKETING_VERSION = 1.0;
				PRODUCT_BUNDLE_IDENTIFIER = com.brandonaubrey.ListBuilderUITests;
				PRODUCT_NAME = "$(TARGET_NAME)";
				SWIFT_EMIT_LOC_STRINGS = NO;
				SWIFT_VERSION = 5.0;
				TARGETED_DEVICE_FAMILY = "1,2";
				TEST_TARGET_NAME = ListBuilder;
			};
			name = Debug;
		};
		CEB665962D975D3400431AA2 /* Release */ = {
			isa = XCBuildConfiguration;
			buildSettings = {
				CODE_SIGN_STYLE = Automatic;
				CURRENT_PROJECT_VERSION = 1;
				GENERATE_INFOPLIST_FILE = YES;
				MARKETING_VERSION = 1.0;
				PRODUCT_BUNDLE_IDENTIFIER = com.brandonaubrey.ListBuilderUITests;
				PRODUCT_NAME = "$(TARGET_NAME)";
				SWIFT_EMIT_LOC_STRINGS = NO;
				SWIFT_VERSION = 5.0;
				TARGETED_DEVICE_FAMILY = "1,2";
				TEST_TARGET_NAME = ListBuilder;
			};
			name = Release;
		};
		CEB665A82D975F4500431AA2 /* Debug */ = {
			isa = XCBuildConfiguration;
			buildSettings = {
				CODE_SIGN_ENTITLEMENTS = ListBuiler/ListBuiler.entitlements;
				CODE_SIGN_STYLE = Automatic;
				CURRENT_PROJECT_VERSION = 1;
				DEVELOPMENT_TEAM = "";
				GENERATE_INFOPLIST_FILE = YES;
				INFOPLIST_FILE = ListBuiler/Info.plist;
				INFOPLIST_KEY_CFBundleDisplayName = ListBuiler;
				INFOPLIST_KEY_NSHumanReadableCopyright = "";
				LD_RUNPATH_SEARCH_PATHS = (
					"$(inherited)",
					"@executable_path/Frameworks",
					"@executable_path/../../Frameworks",
				);
				MARKETING_VERSION = 1.0;
				PRODUCT_BUNDLE_IDENTIFIER = com.brandonaubrey.ListBuilder.ListBuiler;
				PRODUCT_NAME = "$(TARGET_NAME)";
				SKIP_INSTALL = YES;
				SWIFT_EMIT_LOC_STRINGS = YES;
				SWIFT_VERSION = 5.0;
				TARGETED_DEVICE_FAMILY = "1,2";
			};
			name = Debug;
		};
		CEB665A92D975F4500431AA2 /* Release */ = {
			isa = XCBuildConfiguration;
			buildSettings = {
				CODE_SIGN_ENTITLEMENTS = ListBuiler/ListBuiler.entitlements;
				CODE_SIGN_STYLE = Automatic;
				CURRENT_PROJECT_VERSION = 1;
				DEVELOPMENT_TEAM = "";
				GENERATE_INFOPLIST_FILE = YES;
				INFOPLIST_FILE = ListBuiler/Info.plist;
				INFOPLIST_KEY_CFBundleDisplayName = ListBuiler;
				INFOPLIST_KEY_NSHumanReadableCopyright = "";
				LD_RUNPATH_SEARCH_PATHS = (
					"$(inherited)",
					"@executable_path/Frameworks",
					"@executable_path/../../Frameworks",
				);
				MARKETING_VERSION = 1.0;
				PRODUCT_BUNDLE_IDENTIFIER = com.brandonaubrey.ListBuilder.ListBuiler;
				PRODUCT_NAME = "$(TARGET_NAME)";
				SKIP_INSTALL = YES;
				SWIFT_EMIT_LOC_STRINGS = YES;
				SWIFT_VERSION = 5.0;
				TARGETED_DEVICE_FAMILY = "1,2";
			};
			name = Release;
		};
/* End XCBuildConfiguration section */

/* Begin XCConfigurationList section */
		CEB665652D975D3300431AA2 /* Build configuration list for PBXProject "ListBuilder" */ = {
			isa = XCConfigurationList;
			buildConfigurations = (
				CEB6658C2D975D3400431AA2 /* Debug */,
				CEB6658D2D975D3400431AA2 /* Release */,
			);
			defaultConfigurationIsVisible = 0;
			defaultConfigurationName = Release;
		};
		CEB6658E2D975D3400431AA2 /* Build configuration list for PBXNativeTarget "ListBuilder" */ = {
			isa = XCConfigurationList;
			buildConfigurations = (
				CEB6658F2D975D3400431AA2 /* Debug */,
				CEB665902D975D3400431AA2 /* Release */,
			);
			defaultConfigurationIsVisible = 0;
			defaultConfigurationName = Release;
		};
		CEB665912D975D3400431AA2 /* Build configuration list for PBXNativeTarget "ListBuilderTests" */ = {
			isa = XCConfigurationList;
			buildConfigurations = (
				CEB665922D975D3400431AA2 /* Debug */,
				CEB665932D975D3400431AA2 /* Release */,
			);
			defaultConfigurationIsVisible = 0;
			defaultConfigurationName = Release;
		};
		CEB665942D975D3400431AA2 /* Build configuration list for PBXNativeTarget "ListBuilderUITests" */ = {
			isa = XCConfigurationList;
			buildConfigurations = (
				CEB665952D975D3400431AA2 /* Debug */,
				CEB665962D975D3400431AA2 /* Release */,
			);
			defaultConfigurationIsVisible = 0;
			defaultConfigurationName = Release;
		};
		CEB665A72D975F4500431AA2 /* Build configuration list for PBXNativeTarget "ListBuiler" */ = {
			isa = XCConfigurationList;
			buildConfigurations = (
				CEB665A82D975F4500431AA2 /* Debug */,
				CEB665A92D975F4500431AA2 /* Release */,
			);
			defaultConfigurationIsVisible = 0;
			defaultConfigurationName = Release;
		};
/* End XCConfigurationList section */

/* Begin XCRemoteSwiftPackageReference section */
		CEB665C12D98BDE700431AA2 /* XCRemoteSwiftPackageReference "GoogleSignIn-iOS" */ = {
			isa = XCRemoteSwiftPackageReference;
			repositoryURL = "https://github.com/google/GoogleSignIn-iOS.git";
			requirement = {
				kind = upToNextMajorVersion;
				minimumVersion = 8.0.0;
			};
		};
		CEB665CA2D98E54E00431AA2 /* XCRemoteSwiftPackageReference "google-api-objectivec-client-for-rest" */ = {
			isa = XCRemoteSwiftPackageReference;
			repositoryURL = "https://github.com/google/google-api-objectivec-client-for-rest.git";
			requirement = {
				branch = main;
				kind = branch;
			};
		};
/* End XCRemoteSwiftPackageReference section */

/* Begin XCSwiftPackageProductDependency section */
		CEB665C22D98BDE700431AA2 /* GoogleSignIn */ = {
			isa = XCSwiftPackageProductDependency;
			package = CEB665C12D98BDE700431AA2 /* XCRemoteSwiftPackageReference "GoogleSignIn-iOS" */;
			productName = GoogleSignIn;
		};
		CEB665C42D98BDE700431AA2 /* GoogleSignInSwift */ = {
			isa = XCSwiftPackageProductDependency;
			package = CEB665C12D98BDE700431AA2 /* XCRemoteSwiftPackageReference "GoogleSignIn-iOS" */;
			productName = GoogleSignInSwift;
		};
		CEB665CB2D98E54E00431AA2 /* GoogleAPIClientForRESTCore */ = {
			isa = XCSwiftPackageProductDependency;
			package = CEB665CA2D98E54E00431AA2 /* XCRemoteSwiftPackageReference "google-api-objectivec-client-for-rest" */;
			productName = GoogleAPIClientForRESTCore;
		};
		CEB665CD2D98E54E00431AA2 /* GoogleAPIClientForREST_ACMEDNS */ = {
			isa = XCSwiftPackageProductDependency;
			package = CEB665CA2D98E54E00431AA2 /* XCRemoteSwiftPackageReference "google-api-objectivec-client-for-rest" */;
			productName = GoogleAPIClientForREST_ACMEDNS;
		};
		CEB665CF2D98E54E00431AA2 /* GoogleAPIClientForREST_AIPlatformNotebooks */ = {
			isa = XCSwiftPackageProductDependency;
			package = CEB665CA2D98E54E00431AA2 /* XCRemoteSwiftPackageReference "google-api-objectivec-client-for-rest" */;
			productName = GoogleAPIClientForREST_AIPlatformNotebooks;
		};
		CEB665D12D98E54E00431AA2 /* GoogleAPIClientForREST_APIGateway */ = {
			isa = XCSwiftPackageProductDependency;
			package = CEB665CA2D98E54E00431AA2 /* XCRemoteSwiftPackageReference "google-api-objectivec-client-for-rest" */;
			productName = GoogleAPIClientForREST_APIGateway;
		};
		CEB665D32D98E54E00431AA2 /* GoogleAPIClientForREST_APIManagement */ = {
			isa = XCSwiftPackageProductDependency;
			package = CEB665CA2D98E54E00431AA2 /* XCRemoteSwiftPackageReference "google-api-objectivec-client-for-rest" */;
			productName = GoogleAPIClientForREST_APIManagement;
		};
		CEB665DD2D9A3ECE00431AA2 /* GoogleSignIn */ = {
			isa = XCSwiftPackageProductDependency;
			package = CEB665C12D98BDE700431AA2 /* XCRemoteSwiftPackageReference "GoogleSignIn-iOS" */;
			productName = GoogleSignIn;
		};
/* End XCSwiftPackageProductDependency section */
	};
	rootObject = CEB665622D975D3300431AA2 /* Project object */;
}
